
Microsoft Visual Studio Solution File, Format Version 12.00
# Visual Studio Version 16
VisualStudioVersion = 16.0.31702.278
MinimumVisualStudioVersion = 10.0.40219.1
Project("{9A19103F-16F7-4668-BE54-9A1E7A4F7556}") = "ArrayList", "ArrayListRealization\ArrayList.csproj", "{A9FA9C6D-984E-463D-B738-A8CCCF3EAFC0}"
EndProject
Project("{9A19103F-16F7-4668-BE54-9A1E7A4F7556}") = "ArrayList.Tests", "ArrayList.Tests\ArrayList.Tests.csproj", "{F74F89E5-4901-4C44-A6EE-EB80D318A764}"
EndProject
Global
	GlobalSection(SolutionConfigurationPlatforms) = preSolution
		Debug|Any CPU = Debug|Any CPU
		Release|Any CPU = Release|Any CPU
	EndGlobalSection
	GlobalSection(ProjectConfigurationPlatforms) = postSolution
		{A9FA9C6D-984E-463D-B738-A8CCCF3EAFC0}.Debug|Any CPU.ActiveCfg = Debug|Any CPU
		{A9FA9C6D-984E-463D-B738-A8CCCF3EAFC0}.Debug|Any CPU.Build.0 = Debug|Any CPU
		{A9FA9C6D-984E-463D-B738-A8CCCF3EAFC0}.Release|Any CPU.ActiveCfg = Release|Any CPU
		{A9FA9C6D-984E-463D-B738-A8CCCF3EAFC0}.Release|Any CPU.Build.0 = Release|Any CPU
		{F74F89E5-4901-4C44-A6EE-EB80D318A764}.Debug|Any CPU.ActiveCfg = Debug|Any CPU
		{F74F89E5-4901-4C44-A6EE-EB80D318A764}.Debug|Any CPU.Build.0 = Debug|Any CPU
		{F74F89E5-4901-4C44-A6EE-EB80D318A764}.Release|Any CPU.ActiveCfg = Release|Any CPU
		{F74F89E5-4901-4C44-A6EE-EB80D318A764}.Release|Any CPU.Build.0 = Release|Any CPU
	EndGlobalSection
	GlobalSection(SolutionProperties) = preSolution
		HideSolutionNode = FALSE
	EndGlobalSection
	GlobalSection(ExtensibilityGlobals) = postSolution
		SolutionGuid = {F72C4F47-EDEF-4549-832E-9CCCB1F0EA21}
	EndGlobalSection
EndGlobal
